
Microsoft Visual Studio Solution File, Format Version 12.00
# Visual Studio 15
VisualStudioVersion = 15.0.28307.168
MinimumVisualStudioVersion = 10.0.40219.1
Project("{FAE04EC0-301F-11D3-BF4B-00C04F79EFBC}") = "SelectionSort", "SelectionSort\SelectionSort.csproj", "{AD4E7907-698C-4027-A11F-99D99B7CF35F}"
EndProject
Global
	GlobalSection(SolutionConfigurationPlatforms) = preSolution
		Debug|Any CPU = Debug|Any CPU
		Release|Any CPU = Release|Any CPU
	EndGlobalSection
	GlobalSection(ProjectConfigurationPlatforms) = postSolution
		{AD4E7907-698C-4027-A11F-99D99B7CF35F}.Debug|Any CPU.ActiveCfg = Debug|Any CPU
		{AD4E7907-698C-4027-A11F-99D99B7CF35F}.Debug|Any CPU.Build.0 = Debug|Any CPU
		{AD4E7907-698C-4027-A11F-99D99B7CF35F}.Release|Any CPU.ActiveCfg = Release|Any CPU
		{AD4E7907-698C-4027-A11F-99D99B7CF35F}.Release|Any CPU.Build.0 = Release|Any CPU
	EndGlobalSection
	GlobalSection(SolutionProperties) = preSolution
		HideSolutionNode = FALSE
	EndGlobalSection
	GlobalSection(ExtensibilityGlobals) = postSolution
		SolutionGuid = {584C1FE8-C394-41D1-8ECA-427FBE5B1962}
	EndGlobalSection
EndGlobal
